
Microsoft Visual Studio Solution File, Format Version 12.00
# Visual Studio Version 17
VisualStudioVersion = 17.10.35122.118
MinimumVisualStudioVersion = 10.0.40219.1
Project("{FAE04EC0-301F-11D3-BF4B-00C04F79EFBC}") = "OdontoPrevSprint03", "OdontoPrevSprint03.csproj", "{C42A4B0E-045B-4A74-82A7-9D49265DBC98}"
EndProject
Global
	GlobalSection(SolutionConfigurationPlatforms) = preSolution
		Debug|Any CPU = Debug|Any CPU
		Release|Any CPU = Release|Any CPU
	EndGlobalSection
	GlobalSection(ProjectConfigurationPlatforms) = postSolution
		{C42A4B0E-045B-4A74-82A7-9D49265DBC98}.Debug|Any CPU.ActiveCfg = Debug|Any CPU
		{C42A4B0E-045B-4A74-82A7-9D49265DBC98}.Debug|Any CPU.Build.0 = Debug|Any CPU
		{C42A4B0E-045B-4A74-82A7-9D49265DBC98}.Release|Any CPU.ActiveCfg = Release|Any CPU
		{C42A4B0E-045B-4A74-82A7-9D49265DBC98}.Release|Any CPU.Build.0 = Release|Any CPU
	EndGlobalSection
	GlobalSection(SolutionProperties) = preSolution
		HideSolutionNode = FALSE
	EndGlobalSection
	GlobalSection(ExtensibilityGlobals) = postSolution
		SolutionGuid = {107D97B3-8746-42E6-8224-223B486529A5}
	EndGlobalSection
EndGlobal
